
Microsoft Visual Studio Solution File, Format Version 12.00
Project("{FAE04EC0-301F-11D3-BF4B-00C04F79EFBC}") = "TMS.Api", "TMS.Api\TMS.Api.csproj", "{404FF408-BDE3-4875-B1ED-DBB9E04D2FCE}"
EndProject
Project("{FAE04EC0-301F-11D3-BF4B-00C04F79EFBC}") = "TMS.Infrastructure", "TMS.Infrastructure\TMS.Infrastructure.csproj", "{9C0DA1EF-1F77-4F58-A67E-33BAE75128FD}"
EndProject
Project("{FAE04EC0-301F-11D3-BF4B-00C04F79EFBC}") = "TMS.Application", "TMS.Application\TMS.Application.csproj", "{7A90D0BD-3F8F-4CF1-B336-114137EF21BE}"
EndProject
Project("{FAE04EC0-301F-11D3-BF4B-00C04F79EFBC}") = "TMS.Domain", "TMS.Domain\TMS.Domain.csproj", "{8C26F552-E010-4578-A90F-6395B8AF9CEC}"
EndProject
Project("{FAE04EC0-301F-11D3-BF4B-00C04F79EFBC}") = "TMS.Contracts", "TMS.Contracts\TMS.Contracts.csproj", "{4C552329-EA51-4F8A-A543-26A49D2AAE72}"
EndProject
Project("{FAE04EC0-301F-11D3-BF4B-00C04F79EFBC}") = "TMS.MessagingContracts", "TMS.MessagingContracts\TMS.MessagingContracts.csproj", "{E6E0EC9E-5563-4F13-A8F4-74B78A5231C5}"
EndProject
Project("{FAE04EC0-301F-11D3-BF4B-00C04F79EFBC}") = "TMS.Consumer", "TMS.Consumer\TMS.Consumer.csproj", "{E0AD1794-C03B-4B77-AB9F-D9A45C5BDCC4}"
EndProject
Project("{2150E333-8FDC-42A3-9474-1A3956D46DE8}") = "tests", "tests", "{95ACE07B-19D5-4B63-B0AD-2D82974607C8}"
EndProject
Project("{2150E333-8FDC-42A3-9474-1A3956D46DE8}") = "src", "src", "{0B77E405-BD62-4BCC-AFC9-8B77C13FC35F}"
EndProject
Project("{2150E333-8FDC-42A3-9474-1A3956D46DE8}") = "Solution Items", "Solution Items", "{10C26017-6362-4956-8DA8-27B268E4F770}"
	ProjectSection(SolutionItems) = preProject
		docker-compose.yml = docker-compose.yml
		Procfile = Procfile
	EndProjectSection
EndProject
Global
	GlobalSection(SolutionConfigurationPlatforms) = preSolution
		Debug|Any CPU = Debug|Any CPU
		Release|Any CPU = Release|Any CPU
	EndGlobalSection
	GlobalSection(ProjectConfigurationPlatforms) = postSolution
		{404FF408-BDE3-4875-B1ED-DBB9E04D2FCE}.Debug|Any CPU.ActiveCfg = Debug|Any CPU
		{404FF408-BDE3-4875-B1ED-DBB9E04D2FCE}.Debug|Any CPU.Build.0 = Debug|Any CPU
		{404FF408-BDE3-4875-B1ED-DBB9E04D2FCE}.Release|Any CPU.ActiveCfg = Release|Any CPU
		{404FF408-BDE3-4875-B1ED-DBB9E04D2FCE}.Release|Any CPU.Build.0 = Release|Any CPU
		{9C0DA1EF-1F77-4F58-A67E-33BAE75128FD}.Debug|Any CPU.ActiveCfg = Debug|Any CPU
		{9C0DA1EF-1F77-4F58-A67E-33BAE75128FD}.Debug|Any CPU.Build.0 = Debug|Any CPU
		{9C0DA1EF-1F77-4F58-A67E-33BAE75128FD}.Release|Any CPU.ActiveCfg = Release|Any CPU
		{9C0DA1EF-1F77-4F58-A67E-33BAE75128FD}.Release|Any CPU.Build.0 = Release|Any CPU
		{7A90D0BD-3F8F-4CF1-B336-114137EF21BE}.Debug|Any CPU.ActiveCfg = Debug|Any CPU
		{7A90D0BD-3F8F-4CF1-B336-114137EF21BE}.Debug|Any CPU.Build.0 = Debug|Any CPU
		{7A90D0BD-3F8F-4CF1-B336-114137EF21BE}.Release|Any CPU.ActiveCfg = Release|Any CPU
		{7A90D0BD-3F8F-4CF1-B336-114137EF21BE}.Release|Any CPU.Build.0 = Release|Any CPU
		{8C26F552-E010-4578-A90F-6395B8AF9CEC}.Debug|Any CPU.ActiveCfg = Debug|Any CPU
		{8C26F552-E010-4578-A90F-6395B8AF9CEC}.Debug|Any CPU.Build.0 = Debug|Any CPU
		{8C26F552-E010-4578-A90F-6395B8AF9CEC}.Release|Any CPU.ActiveCfg = Release|Any CPU
		{8C26F552-E010-4578-A90F-6395B8AF9CEC}.Release|Any CPU.Build.0 = Release|Any CPU
		{4C552329-EA51-4F8A-A543-26A49D2AAE72}.Debug|Any CPU.ActiveCfg = Debug|Any CPU
		{4C552329-EA51-4F8A-A543-26A49D2AAE72}.Debug|Any CPU.Build.0 = Debug|Any CPU
		{4C552329-EA51-4F8A-A543-26A49D2AAE72}.Release|Any CPU.ActiveCfg = Release|Any CPU
		{4C552329-EA51-4F8A-A543-26A49D2AAE72}.Release|Any CPU.Build.0 = Release|Any CPU
		{E6E0EC9E-5563-4F13-A8F4-74B78A5231C5}.Debug|Any CPU.ActiveCfg = Debug|Any CPU
		{E6E0EC9E-5563-4F13-A8F4-74B78A5231C5}.Debug|Any CPU.Build.0 = Debug|Any CPU
		{E6E0EC9E-5563-4F13-A8F4-74B78A5231C5}.Release|Any CPU.ActiveCfg = Release|Any CPU
		{E6E0EC9E-5563-4F13-A8F4-74B78A5231C5}.Release|Any CPU.Build.0 = Release|Any CPU
		{E0AD1794-C03B-4B77-AB9F-D9A45C5BDCC4}.Debug|Any CPU.ActiveCfg = Debug|Any CPU
		{E0AD1794-C03B-4B77-AB9F-D9A45C5BDCC4}.Debug|Any CPU.Build.0 = Debug|Any CPU
		{E0AD1794-C03B-4B77-AB9F-D9A45C5BDCC4}.Release|Any CPU.ActiveCfg = Release|Any CPU
		{E0AD1794-C03B-4B77-AB9F-D9A45C5BDCC4}.Release|Any CPU.Build.0 = Release|Any CPU
	EndGlobalSection
	GlobalSection(NestedProjects) = preSolution
		{404FF408-BDE3-4875-B1ED-DBB9E04D2FCE} = {0B77E405-BD62-4BCC-AFC9-8B77C13FC35F}
		{E6E0EC9E-5563-4F13-A8F4-74B78A5231C5} = {0B77E405-BD62-4BCC-AFC9-8B77C13FC35F}
		{7A90D0BD-3F8F-4CF1-B336-114137EF21BE} = {0B77E405-BD62-4BCC-AFC9-8B77C13FC35F}
		{E0AD1794-C03B-4B77-AB9F-D9A45C5BDCC4} = {0B77E405-BD62-4BCC-AFC9-8B77C13FC35F}
		{4C552329-EA51-4F8A-A543-26A49D2AAE72} = {0B77E405-BD62-4BCC-AFC9-8B77C13FC35F}
		{8C26F552-E010-4578-A90F-6395B8AF9CEC} = {0B77E405-BD62-4BCC-AFC9-8B77C13FC35F}
		{9C0DA1EF-1F77-4F58-A67E-33BAE75128FD} = {0B77E405-BD62-4BCC-AFC9-8B77C13FC35F}
	EndGlobalSection
EndGlobal
